
Microsoft Visual Studio Solution File, Format Version 12.00
# Visual Studio 15
VisualStudioVersion = 15.0.27703.2035
MinimumVisualStudioVersion = 10.0.40219.1
Project("{8BC9CEB8-8B4A-11D0-8D11-00A0C91BC942}") = "eBayProductDrafter", "eBayProductDrafter\eBayProductDrafter.vcxproj", "{FBC41F1D-E37C-43FA-9F30-C5FA7A890E39}"
EndProject
Global
	GlobalSection(SolutionConfigurationPlatforms) = preSolution
		Debug|x64 = Debug|x64
		Debug|x86 = Debug|x86
		Release|x64 = Release|x64
		Release|x86 = Release|x86
	EndGlobalSection
	GlobalSection(ProjectConfigurationPlatforms) = postSolution
		{FBC41F1D-E37C-43FA-9F30-C5FA7A890E39}.Debug|x64.ActiveCfg = Debug|x64
		{FBC41F1D-E37C-43FA-9F30-C5FA7A890E39}.Debug|x64.Build.0 = Debug|x64
		{FBC41F1D-E37C-43FA-9F30-C5FA7A890E39}.Debug|x86.ActiveCfg = Debug|Win32
		{FBC41F1D-E37C-43FA-9F30-C5FA7A890E39}.Debug|x86.Build.0 = Debug|Win32
		{FBC41F1D-E37C-43FA-9F30-C5FA7A890E39}.Release|x64.ActiveCfg = Release|x64
		{FBC41F1D-E37C-43FA-9F30-C5FA7A890E39}.Release|x64.Build.0 = Release|x64
		{FBC41F1D-E37C-43FA-9F30-C5FA7A890E39}.Release|x86.ActiveCfg = Release|Win32
		{FBC41F1D-E37C-43FA-9F30-C5FA7A890E39}.Release|x86.Build.0 = Release|Win32
	EndGlobalSection
	GlobalSection(SolutionProperties) = preSolution
		HideSolutionNode = FALSE
	EndGlobalSection
	GlobalSection(ExtensibilityGlobals) = postSolution
		SolutionGuid = {2B19B0FD-3B5C-4770-9C58-A9045466AC55}
	EndGlobalSection
EndGlobal
